
Microsoft Visual Studio Solution File, Format Version 12.00
# Visual Studio 2012
Project("{FAE04EC0-301F-11D3-BF4B-00C04F79EFBC}") = "arm2", "arm2\arm2.csproj", "{E51C62A5-DBEB-4E9C-9D84-C6AB0C1FC2DE}"
EndProject
Project("{8BC9CEB8-8B4A-11D0-8D11-00A0C91BC942}") = "Arm2Device", "Arm2Device\Arm2Device.vcxproj", "{055D740E-27EE-4957-A8C6-4A51F69312C4}"
EndProject
Project("{FAE04EC0-301F-11D3-BF4B-00C04F79EFBC}") = "Arm2DeviceTest", "Arm2DeviceTest\Arm2DeviceTest.csproj", "{CE41D87F-56E7-4E7B-8B35-84F63E6E67F8}"
EndProject
Global
	GlobalSection(SolutionConfigurationPlatforms) = preSolution
		Debug|Any CPU = Debug|Any CPU
		Debug|Mixed Platforms = Debug|Mixed Platforms
		Debug|Win32 = Debug|Win32
		Release|Any CPU = Release|Any CPU
		Release|Mixed Platforms = Release|Mixed Platforms
		Release|Win32 = Release|Win32
	EndGlobalSection
	GlobalSection(ProjectConfigurationPlatforms) = postSolution
		{E51C62A5-DBEB-4E9C-9D84-C6AB0C1FC2DE}.Debug|Any CPU.ActiveCfg = Debug|Any CPU
		{E51C62A5-DBEB-4E9C-9D84-C6AB0C1FC2DE}.Debug|Any CPU.Build.0 = Debug|Any CPU
		{E51C62A5-DBEB-4E9C-9D84-C6AB0C1FC2DE}.Debug|Mixed Platforms.ActiveCfg = Debug|Any CPU
		{E51C62A5-DBEB-4E9C-9D84-C6AB0C1FC2DE}.Debug|Mixed Platforms.Build.0 = Debug|Any CPU
		{E51C62A5-DBEB-4E9C-9D84-C6AB0C1FC2DE}.Debug|Win32.ActiveCfg = Debug|Any CPU
		{E51C62A5-DBEB-4E9C-9D84-C6AB0C1FC2DE}.Release|Any CPU.ActiveCfg = Release|Any CPU
		{E51C62A5-DBEB-4E9C-9D84-C6AB0C1FC2DE}.Release|Any CPU.Build.0 = Release|Any CPU
		{E51C62A5-DBEB-4E9C-9D84-C6AB0C1FC2DE}.Release|Mixed Platforms.ActiveCfg = Release|Any CPU
		{E51C62A5-DBEB-4E9C-9D84-C6AB0C1FC2DE}.Release|Mixed Platforms.Build.0 = Release|Any CPU
		{E51C62A5-DBEB-4E9C-9D84-C6AB0C1FC2DE}.Release|Win32.ActiveCfg = Release|Any CPU
		{055D740E-27EE-4957-A8C6-4A51F69312C4}.Debug|Any CPU.ActiveCfg = Debug|Win32
		{055D740E-27EE-4957-A8C6-4A51F69312C4}.Debug|Mixed Platforms.ActiveCfg = Debug|Win32
		{055D740E-27EE-4957-A8C6-4A51F69312C4}.Debug|Mixed Platforms.Build.0 = Debug|Win32
		{055D740E-27EE-4957-A8C6-4A51F69312C4}.Debug|Win32.ActiveCfg = Debug|Win32
		{055D740E-27EE-4957-A8C6-4A51F69312C4}.Debug|Win32.Build.0 = Debug|Win32
		{055D740E-27EE-4957-A8C6-4A51F69312C4}.Release|Any CPU.ActiveCfg = Release|Win32
		{055D740E-27EE-4957-A8C6-4A51F69312C4}.Release|Mixed Platforms.ActiveCfg = Release|Win32
		{055D740E-27EE-4957-A8C6-4A51F69312C4}.Release|Mixed Platforms.Build.0 = Release|Win32
		{055D740E-27EE-4957-A8C6-4A51F69312C4}.Release|Win32.ActiveCfg = Release|Win32
		{055D740E-27EE-4957-A8C6-4A51F69312C4}.Release|Win32.Build.0 = Release|Win32
		{CE41D87F-56E7-4E7B-8B35-84F63E6E67F8}.Debug|Any CPU.ActiveCfg = Debug|Any CPU
		{CE41D87F-56E7-4E7B-8B35-84F63E6E67F8}.Debug|Any CPU.Build.0 = Debug|Any CPU
		{CE41D87F-56E7-4E7B-8B35-84F63E6E67F8}.Debug|Mixed Platforms.ActiveCfg = Debug|Any CPU
		{CE41D87F-56E7-4E7B-8B35-84F63E6E67F8}.Debug|Mixed Platforms.Build.0 = Debug|Any CPU
		{CE41D87F-56E7-4E7B-8B35-84F63E6E67F8}.Debug|Win32.ActiveCfg = Debug|Any CPU
		{CE41D87F-56E7-4E7B-8B35-84F63E6E67F8}.Release|Any CPU.ActiveCfg = Release|Any CPU
		{CE41D87F-56E7-4E7B-8B35-84F63E6E67F8}.Release|Any CPU.Build.0 = Release|Any CPU
		{CE41D87F-56E7-4E7B-8B35-84F63E6E67F8}.Release|Mixed Platforms.ActiveCfg = Release|Any CPU
		{CE41D87F-56E7-4E7B-8B35-84F63E6E67F8}.Release|Mixed Platforms.Build.0 = Release|Any CPU
		{CE41D87F-56E7-4E7B-8B35-84F63E6E67F8}.Release|Win32.ActiveCfg = Release|Any CPU
	EndGlobalSection
	GlobalSection(SolutionProperties) = preSolution
		HideSolutionNode = FALSE
	EndGlobalSection
EndGlobal
